// !$*UTF8*$!
{
	archiveVersion = 1;
	classes = {
	};
	objectVersion = 56;
	objects = {

/* Begin PBXBuildFile section */
		9954B7B72BDF6BCF006D396D /* TableViewCell.swift in Sources */ = {isa = PBXBuildFile; fileRef = 9954B7B52BDF6BCF006D396D /* TableViewCell.swift */; };
		9954B7B82BDF6BCF006D396D /* TableViewCell.xib in Resources */ = {isa = PBXBuildFile; fileRef = 9954B7B62BDF6BCF006D396D /* TableViewCell.xib */; };
		9954B7BA2BDF755E006D396D /* DetailViewController.swift in Sources */ = {isa = PBXBuildFile; fileRef = 9954B7B92BDF755E006D396D /* DetailViewController.swift */; };
		99603E7E2BDA70E80050973F /* AppDelegate.swift in Sources */ = {isa = PBXBuildFile; fileRef = 99603E7D2BDA70E80050973F /* AppDelegate.swift */; };
		99603E802BDA70E80050973F /* SceneDelegate.swift in Sources */ = {isa = PBXBuildFile; fileRef = 99603E7F2BDA70E80050973F /* SceneDelegate.swift */; };
		99603E822BDA70E80050973F /* ViewController.swift in Sources */ = {isa = PBXBuildFile; fileRef = 99603E812BDA70E80050973F /* ViewController.swift */; };
		99603E852BDA70E80050973F /* Main.storyboard in Resources */ = {isa = PBXBuildFile; fileRef = 99603E832BDA70E80050973F /* Main.storyboard */; };
		99603E872BDA70E90050973F /* Assets.xcassets in Resources */ = {isa = PBXBuildFile; fileRef = 99603E862BDA70E90050973F /* Assets.xcassets */; };
		99603E8A2BDA70EA0050973F /* LaunchScreen.storyboard in Resources */ = {isa = PBXBuildFile; fileRef = 99603E882BDA70EA0050973F /* LaunchScreen.storyboard */; };
		99603E952BDA70EA0050973F /* FeedsTests.swift in Sources */ = {isa = PBXBuildFile; fileRef = 99603E942BDA70EA0050973F /* FeedsTests.swift */; };
		99603E9F2BDA70EA0050973F /* FeedsUITests.swift in Sources */ = {isa = PBXBuildFile; fileRef = 99603E9E2BDA70EA0050973F /* FeedsUITests.swift */; };
		99603EA12BDA70EA0050973F /* FeedsUITestsLaunchTests.swift in Sources */ = {isa = PBXBuildFile; fileRef = 99603EA02BDA70EA0050973F /* FeedsUITestsLaunchTests.swift */; };
/* End PBXBuildFile section */

/* Begin PBXContainerItemProxy section */
		99603E912BDA70EA0050973F /* PBXContainerItemProxy */ = {
			isa = PBXContainerItemProxy;
			containerPortal = 99603E722BDA70E80050973F /* Project object */;
			proxyType = 1;
			remoteGlobalIDString = 99603E792BDA70E80050973F;
			remoteInfo = Feeds;
		};
		99603E9B2BDA70EA0050973F /* PBXContainerItemProxy */ = {
			isa = PBXContainerItemProxy;
			containerPortal = 99603E722BDA70E80050973F /* Project object */;
			proxyType = 1;
			remoteGlobalIDString = 99603E792BDA70E80050973F;
			remoteInfo = Feeds;
		};
/* End PBXContainerItemProxy section */

/* Begin PBXFileReference section */
		9954B7B52BDF6BCF006D396D /* TableViewCell.swift */ = {isa = PBXFileReference; lastKnownFileType = sourcecode.swift; path = TableViewCell.swift; sourceTree = "<group>"; };
		9954B7B62BDF6BCF006D396D /* TableViewCell.xib */ = {isa = PBXFileReference; lastKnownFileType = file.xib; path = TableViewCell.xib; sourceTree = "<group>"; };
		9954B7B92BDF755E006D396D /* DetailViewController.swift */ = {isa = PBXFileReference; lastKnownFileType = sourcecode.swift; path = DetailViewController.swift; sourceTree = "<group>"; };
		99603E7A2BDA70E80050973F /* Feeds.app */ = {isa = PBXFileReference; explicitFileType = wrapper.application; includeInIndex = 0; path = Feeds.app; sourceTree = BUILT_PRODUCTS_DIR; };
		99603E7D2BDA70E80050973F /* AppDelegate.swift */ = {isa = PBXFileReference; lastKnownFileType = sourcecode.swift; path = AppDelegate.swift; sourceTree = "<group>"; };
		99603E7F2BDA70E80050973F /* SceneDelegate.swift */ = {isa = PBXFileReference; lastKnownFileType = sourcecode.swift; path = SceneDelegate.swift; sourceTree = "<group>"; };
		99603E812BDA70E80050973F /* ViewController.swift */ = {isa = PBXFileReference; lastKnownFileType = sourcecode.swift; path = ViewController.swift; sourceTree = "<group>"; };
		99603E842BDA70E80050973F /* Base */ = {isa = PBXFileReference; lastKnownFileType = file.storyboard; name = Base; path = Base.lproj/Main.storyboard; sourceTree = "<group>"; };
		99603E862BDA70E90050973F /* Assets.xcassets */ = {isa = PBXFileReference; lastKnownFileType = folder.assetcatalog; path = Assets.xcassets; sourceTree = "<group>"; };
		99603E892BDA70EA0050973F /* Base */ = {isa = PBXFileReference; lastKnownFileType = file.storyboard; name = Base; path = Base.lproj/LaunchScreen.storyboard; sourceTree = "<group>"; };
		99603E8B2BDA70EA0050973F /* Info.plist */ = {isa = PBXFileReference; lastKnownFileType = text.plist.xml; path = Info.plist; sourceTree = "<group>"; };
		99603E902BDA70EA0050973F /* FeedsTests.xctest */ = {isa = PBXFileReference; explicitFileType = wrapper.cfbundle; includeInIndex = 0; path = FeedsTests.xctest; sourceTree = BUILT_PRODUCTS_DIR; };
		99603E942BDA70EA0050973F /* FeedsTests.swift */ = {isa = PBXFileReference; lastKnownFileType = sourcecode.swift; path = FeedsTests.swift; sourceTree = "<group>"; };
		99603E9A2BDA70EA0050973F /* FeedsUITests.xctest */ = {isa = PBXFileReference; explicitFileType = wrapper.cfbundle; includeInIndex = 0; path = FeedsUITests.xctest; sourceTree = BUILT_PRODUCTS_DIR; };
		99603E9E2BDA70EA0050973F /* FeedsUITests.swift */ = {isa = PBXFileReference; lastKnownFileType = sourcecode.swift; path = FeedsUITests.swift; sourceTree = "<group>"; };
		99603EA02BDA70EA0050973F /* FeedsUITestsLaunchTests.swift */ = {isa = PBXFileReference; lastKnownFileType = sourcecode.swift; path = FeedsUITestsLaunchTests.swift; sourceTree = "<group>"; };
/* End PBXFileReference section */

/* Begin PBXFrameworksBuildPhase section */
		99603E772BDA70E80050973F /* Frameworks */ = {
			isa = PBXFrameworksBuildPhase;
			buildActionMask = 2147483647;
			files = (
			);
			runOnlyForDeploymentPostprocessing = 0;
		};
		99603E8D2BDA70EA0050973F /* Frameworks */ = {
			isa = PBXFrameworksBuildPhase;
			buildActionMask = 2147483647;
			files = (
			);
			runOnlyForDeploymentPostprocessing = 0;
		};
		99603E972BDA70EA0050973F /* Frameworks */ = {
			isa = PBXFrameworksBuildPhase;
			buildActionMask = 2147483647;
			files = (
			);
			runOnlyForDeploymentPostprocessing = 0;
		};
/* End PBXFrameworksBuildPhase section */

/* Begin PBXGroup section */
		99603E712BDA70E80050973F = {
			isa = PBXGroup;
			children = (
				99603E7C2BDA70E80050973F /* Feeds */,
				99603E932BDA70EA0050973F /* FeedsTests */,
				99603E9D2BDA70EA0050973F /* FeedsUITests */,
				99603E7B2BDA70E80050973F /* Products */,
			);
			sourceTree = "<group>";
		};
		99603E7B2BDA70E80050973F /* Products */ = {
			isa = PBXGroup;
			children = (
				99603E7A2BDA70E80050973F /* Feeds.app */,
				99603E902BDA70EA0050973F /* FeedsTests.xctest */,
				99603E9A2BDA70EA0050973F /* FeedsUITests.xctest */,
			);
			name = Products;
			sourceTree = "<group>";
		};
		99603E7C2BDA70E80050973F /* Feeds */ = {
			isa = PBXGroup;
			children = (
				99603E7D2BDA70E80050973F /* AppDelegate.swift */,
				99603E7F2BDA70E80050973F /* SceneDelegate.swift */,
				99603E812BDA70E80050973F /* ViewController.swift */,
				9954B7B92BDF755E006D396D /* DetailViewController.swift */,
				99603E832BDA70E80050973F /* Main.storyboard */,
				9954B7B52BDF6BCF006D396D /* TableViewCell.swift */,
				9954B7B62BDF6BCF006D396D /* TableViewCell.xib */,
				99603E862BDA70E90050973F /* Assets.xcassets */,
				99603E882BDA70EA0050973F /* LaunchScreen.storyboard */,
				99603E8B2BDA70EA0050973F /* Info.plist */,
			);
			path = Feeds;
			sourceTree = "<group>";
		};
		99603E932BDA70EA0050973F /* FeedsTests */ = {
			isa = PBXGroup;
			children = (
				99603E942BDA70EA0050973F /* FeedsTests.swift */,
			);
			path = FeedsTests;
			sourceTree = "<group>";
		};
		99603E9D2BDA70EA0050973F /* FeedsUITests */ = {
			isa = PBXGroup;
			children = (
				99603E9E2BDA70EA0050973F /* FeedsUITests.swift */,
				99603EA02BDA70EA0050973F /* FeedsUITestsLaunchTests.swift */,
			);
			path = FeedsUITests;
			sourceTree = "<group>";
		};
/* End PBXGroup section */

/* Begin PBXNativeTarget section */
		99603E792BDA70E80050973F /* Feeds */ = {
			isa = PBXNativeTarget;
			buildConfigurationList = 99603EA42BDA70EA0050973F /* Build configuration list for PBXNativeTarget "Feeds" */;
			buildPhases = (
				99603E762BDA70E80050973F /* Sources */,
				99603E772BDA70E80050973F /* Frameworks */,
				99603E782BDA70E80050973F /* Resources */,
			);
			buildRules = (
			);
			dependencies = (
			);
			name = Feeds;
			productName = Feeds;
			productReference = 99603E7A2BDA70E80050973F /* Feeds.app */;
			productType = "com.apple.product-type.application";
		};
		99603E8F2BDA70EA0050973F /* FeedsTests */ = {
			isa = PBXNativeTarget;
			buildConfigurationList = 99603EA72BDA70EA0050973F /* Build configuration list for PBXNativeTarget "FeedsTests" */;
			buildPhases = (
				99603E8C2BDA70EA0050973F /* Sources */,
				99603E8D2BDA70EA0050973F /* Frameworks */,
				99603E8E2BDA70EA0050973F /* Resources */,
			);
			buildRules = (
			);
			dependencies = (
				99603E922BDA70EA0050973F /* PBXTargetDependency */,
			);
			name = FeedsTests;
			productName = FeedsTests;
			productReference = 99603E902BDA70EA0050973F /* FeedsTests.xctest */;
			productType = "com.apple.product-type.bundle.unit-test";
		};
		99603E992BDA70EA0050973F /* FeedsUITests */ = {
			isa = PBXNativeTarget;
			buildConfigurationList = 99603EAA2BDA70EA0050973F /* Build configuration list for PBXNativeTarget "FeedsUITests" */;
			buildPhases = (
				99603E962BDA70EA0050973F /* Sources */,
				99603E972BDA70EA0050973F /* Frameworks */,
				99603E982BDA70EA0050973F /* Resources */,
			);
			buildRules = (
			);
			dependencies = (
				99603E9C2BDA70EA0050973F /* PBXTargetDependency */,
			);
			name = FeedsUITests;
			productName = FeedsUITests;
			productReference = 99603E9A2BDA70EA0050973F /* FeedsUITests.xctest */;
			productType = "com.apple.product-type.bundle.ui-testing";
		};
/* End PBXNativeTarget section */

/* Begin PBXProject section */
		99603E722BDA70E80050973F /* Project object */ = {
			isa = PBXProject;
			attributes = {
				BuildIndependentTargetsInParallel = 1;
				LastSwiftUpdateCheck = 1430;
				LastUpgradeCheck = 1430;
				TargetAttributes = {
					99603E792BDA70E80050973F = {
						CreatedOnToolsVersion = 14.3.1;
					};
					99603E8F2BDA70EA0050973F = {
						CreatedOnToolsVersion = 14.3.1;
						TestTargetID = 99603E792BDA70E80050973F;
					};
					99603E992BDA70EA0050973F = {
						CreatedOnToolsVersion = 14.3.1;
						TestTargetID = 99603E792BDA70E80050973F;
					};
				};
			};
			buildConfigurationList = 99603E752BDA70E80050973F /* Build configuration list for PBXProject "Feeds" */;
			compatibilityVersion = "Xcode 14.0";
			developmentRegion = en;
			hasScannedForEncodings = 0;
			knownRegions = (
				en,
				Base,
			);
			mainGroup = 99603E712BDA70E80050973F;
			productRefGroup = 99603E7B2BDA70E80050973F /* Products */;
			projectDirPath = "";
			projectRoot = "";
			targets = (
				99603E792BDA70E80050973F /* Feeds */,
				99603E8F2BDA70EA0050973F /* FeedsTests */,
				99603E992BDA70EA0050973F /* FeedsUITests */,
			);
		};
/* End PBXProject section */

/* Begin PBXResourcesBuildPhase section */
		99603E782BDA70E80050973F /* Resources */ = {
			isa = PBXResourcesBuildPhase;
			buildActionMask = 2147483647;
			files = (
				99603E8A2BDA70EA0050973F /* LaunchScreen.storyboard in Resources */,
				9954B7B82BDF6BCF006D396D /* TableViewCell.xib in Resources */,
				99603E872BDA70E90050973F /* Assets.xcassets in Resources */,
				99603E852BDA70E80050973F /* Main.storyboard in Resources */,
			);
			runOnlyForDeploymentPostprocessing = 0;
		};
		99603E8E2BDA70EA0050973F /* Resources */ = {
			isa = PBXResourcesBuildPhase;
			buildActionMask = 2147483647;
			files = (
			);
			runOnlyForDeploymentPostprocessing = 0;
		};
		99603E982BDA70EA0050973F /* Resources */ = {
			isa = PBXResourcesBuildPhase;
			buildActionMask = 2147483647;
			files = (
			);
			runOnlyForDeploymentPostprocessing = 0;
		};
/* End PBXResourcesBuildPhase section */

/* Begin PBXSourcesBuildPhase section */
		99603E762BDA70E80050973F /* Sources */ = {
			isa = PBXSourcesBuildPhase;
			buildActionMask = 2147483647;
			files = (
				99603E822BDA70E80050973F /* ViewController.swift in Sources */,
				9954B7B72BDF6BCF006D396D /* TableViewCell.swift in Sources */,
				9954B7BA2BDF755E006D396D /* DetailViewController.swift in Sources */,
				99603E7E2BDA70E80050973F /* AppDelegate.swift in Sources */,
				99603E802BDA70E80050973F /* SceneDelegate.swift in Sources */,
			);
			runOnlyForDeploymentPostprocessing = 0;
		};
		99603E8C2BDA70EA0050973F /* Sources */ = {
			isa = PBXSourcesBuildPhase;
			buildActionMask = 2147483647;
			files = (
				99603E952BDA70EA0050973F /* FeedsTests.swift in Sources */,
			);
			runOnlyForDeploymentPostprocessing = 0;
		};
		99603E962BDA70EA0050973F /* Sources */ = {
			isa = PBXSourcesBuildPhase;
			buildActionMask = 2147483647;
			files = (
				99603EA12BDA70EA0050973F /* FeedsUITestsLaunchTests.swift in Sources */,
				99603E9F2BDA70EA0050973F /* FeedsUITests.swift in Sources */,
			);
			runOnlyForDeploymentPostprocessing = 0;
		};
/* End PBXSourcesBuildPhase section */

/* Begin PBXTargetDependency section */
		99603E922BDA70EA0050973F /* PBXTargetDependency */ = {
			isa = PBXTargetDependency;
			target = 99603E792BDA70E80050973F /* Feeds */;
			targetProxy = 99603E912BDA70EA0050973F /* PBXContainerItemProxy */;
		};
		99603E9C2BDA70EA0050973F /* PBXTargetDependency */ = {
			isa = PBXTargetDependency;
			target = 99603E792BDA70E80050973F /* Feeds */;
			targetProxy = 99603E9B2BDA70EA0050973F /* PBXContainerItemProxy */;
		};
/* End PBXTargetDependency section */

/* Begin PBXVariantGroup section */
		99603E832BDA70E80050973F /* Main.storyboard */ = {
			isa = PBXVariantGroup;
			children = (
				99603E842BDA70E80050973F /* Base */,
			);
			name = Main.storyboard;
			sourceTree = "<group>";
		};
		99603E882BDA70EA0050973F /* LaunchScreen.storyboard */ = {
			isa = PBXVariantGroup;
			children = (
				99603E892BDA70EA0050973F /* Base */,
			);
			name = LaunchScreen.storyboard;
			sourceTree = "<group>";
		};
/* End PBXVariantGroup section */

/* Begin XCBuildConfiguration section */
		99603EA22BDA70EA0050973F /* Debug */ = {
			isa = XCBuildConfiguration;
			buildSettings = {
				ALWAYS_SEARCH_USER_PATHS = NO;
				CLANG_ANALYZER_NONNULL = YES;
				CLANG_ANALYZER_NUMBER_OBJECT_CONVERSION = YES_AGGRESSIVE;
				CLANG_CXX_LANGUAGE_STANDARD = "gnu++20";
				CLANG_ENABLE_MODULES = YES;
				CLANG_ENABLE_OBJC_ARC = YES;
				CLANG_ENABLE_OBJC_WEAK = YES;
				CLANG_WARN_BLOCK_CAPTURE_AUTORELEASING = YES;
				CLANG_WARN_BOOL_CONVERSION = YES;
				CLANG_WARN_COMMA = YES;
				CLANG_WARN_CONSTANT_CONVERSION = YES;
				CLANG_WARN_DEPRECATED_OBJC_IMPLEMENTATIONS = YES;
				CLANG_WARN_DIRECT_OBJC_ISA_USAGE = YES_ERROR;
				CLANG_WARN_DOCUMENTATION_COMMENTS = YES;
				CLANG_WARN_EMPTY_BODY = YES;
				CLANG_WARN_ENUM_CONVERSION = YES;
				CLANG_WARN_INFINITE_RECURSION = YES;
				CLANG_WARN_INT_CONVERSION = YES;
				CLANG_WARN_NON_LITERAL_NULL_CONVERSION = YES;
				CLANG_WARN_OBJC_IMPLICIT_RETAIN_SELF = YES;
				CLANG_WARN_OBJC_LITERAL_CONVERSION = YES;
				CLANG_WARN_OBJC_ROOT_CLASS = YES_ERROR;
				CLANG_WARN_QUOTED_INCLUDE_IN_FRAMEWORK_HEADER = YES;
				CLANG_WARN_RANGE_LOOP_ANALYSIS = YES;
				CLANG_WARN_STRICT_PROTOTYPES = YES;
				CLANG_WARN_SUSPICIOUS_MOVE = YES;
				CLANG_WARN_UNGUARDED_AVAILABILITY = YES_AGGRESSIVE;
				CLANG_WARN_UNREACHABLE_CODE = YES;
				CLANG_WARN__DUPLICATE_METHOD_MATCH = YES;
				COPY_PHASE_STRIP = NO;
				DEBUG_INFORMATION_FORMAT = dwarf;
				ENABLE_STRICT_OBJC_MSGSEND = YES;
				ENABLE_TESTABILITY = YES;
				GCC_C_LANGUAGE_STANDARD = gnu11;
				GCC_DYNAMIC_NO_PIC = NO;
				GCC_NO_COMMON_BLOCKS = YES;
				GCC_OPTIMIZATION_LEVEL = 0;
				GCC_PREPROCESSOR_DEFINITIONS = (
					"DEBUG=1",
					"$(inherited)",
				);
				GCC_WARN_64_TO_32_BIT_CONVERSION = YES;
				GCC_WARN_ABOUT_RETURN_TYPE = YES_ERROR;
				GCC_WARN_UNDECLARED_SELECTOR = YES;
				GCC_WARN_UNINITIALIZED_AUTOS = YES_AGGRESSIVE;
				GCC_WARN_UNUSED_FUNCTION = YES;
				GCC_WARN_UNUSED_VARIABLE = YES;
				IPHONEOS_DEPLOYMENT_TARGET = 16.4;
				MTL_ENABLE_DEBUG_INFO = INCLUDE_SOURCE;
				MTL_FAST_MATH = YES;
				ONLY_ACTIVE_ARCH = YES;
				SDKROOT = iphoneos;
				SWIFT_ACTIVE_COMPILATION_CONDITIONS = DEBUG;
				SWIFT_OPTIMIZATION_LEVEL = "-Onone";
			};
			name = Debug;
		};
		99603EA32BDA70EA0050973F /* Release */ = {
			isa = XCBuildConfiguration;
			buildSettings = {
				ALWAYS_SEARCH_USER_PATHS = NO;
				CLANG_ANALYZER_NONNULL = YES;
				CLANG_ANALYZER_NUMBER_OBJECT_CONVERSION = YES_AGGRESSIVE;
				CLANG_CXX_LANGUAGE_STANDARD = "gnu++20";
				CLANG_ENABLE_MODULES = YES;
				CLANG_ENABLE_OBJC_ARC = YES;
				CLANG_ENABLE_OBJC_WEAK = YES;
				CLANG_WARN_BLOCK_CAPTURE_AUTORELEASING = YES;
				CLANG_WARN_BOOL_CONVERSION = YES;
				CLANG_WARN_COMMA = YES;
				CLANG_WARN_CONSTANT_CONVERSION = YES;
				CLANG_WARN_DEPRECATED_OBJC_IMPLEMENTATIONS = YES;
				CLANG_WARN_DIRECT_OBJC_ISA_USAGE = YES_ERROR;
				CLANG_WARN_DOCUMENTATION_COMMENTS = YES;
				CLANG_WARN_EMPTY_BODY = YES;
				CLANG_WARN_ENUM_CONVERSION = YES;
				CLANG_WARN_INFINITE_RECURSION = YES;
				CLANG_WARN_INT_CONVERSION = YES;
				CLANG_WARN_NON_LITERAL_NULL_CONVERSION = YES;
				CLANG_WARN_OBJC_IMPLICIT_RETAIN_SELF = YES;
				CLANG_WARN_OBJC_LITERAL_CONVERSION = YES;
				CLANG_WARN_OBJC_ROOT_CLASS = YES_ERROR;
				CLANG_WARN_QUOTED_INCLUDE_IN_FRAMEWORK_HEADER = YES;
				CLANG_WARN_RANGE_LOOP_ANALYSIS = YES;
				CLANG_WARN_STRICT_PROTOTYPES = YES;
				CLANG_WARN_SUSPICIOUS_MOVE = YES;
				CLANG_WARN_UNGUARDED_AVAILABILITY = YES_AGGRESSIVE;
				CLANG_WARN_UNREACHABLE_CODE = YES;
				CLANG_WARN__DUPLICATE_METHOD_MATCH = YES;
				COPY_PHASE_STRIP = NO;
				DEBUG_INFORMATION_FORMAT = "dwarf-with-dsym";
				ENABLE_NS_ASSERTIONS = NO;
				ENABLE_STRICT_OBJC_MSGSEND = YES;
				GCC_C_LANGUAGE_STANDARD = gnu11;
				GCC_NO_COMMON_BLOCKS = YES;
				GCC_WARN_64_TO_32_BIT_CONVERSION = YES;
				GCC_WARN_ABOUT_RETURN_TYPE = YES_ERROR;
				GCC_WARN_UNDECLARED_SELECTOR = YES;
				GCC_WARN_UNINITIALIZED_AUTOS = YES_AGGRESSIVE;
				GCC_WARN_UNUSED_FUNCTION = YES;
				GCC_WARN_UNUSED_VARIABLE = YES;
				IPHONEOS_DEPLOYMENT_TARGET = 16.4;
				MTL_ENABLE_DEBUG_INFO = NO;
				MTL_FAST_MATH = YES;
				SDKROOT = iphoneos;
				SWIFT_COMPILATION_MODE = wholemodule;
				SWIFT_OPTIMIZATION_LEVEL = "-O";
				VALIDATE_PRODUCT = YES;
			};
			name = Release;
		};
		99603EA52BDA70EA0050973F /* Debug */ = {
			isa = XCBuildConfiguration;
			buildSettings = {
				ASSETCATALOG_COMPILER_APPICON_NAME = AppIcon;
				ASSETCATALOG_COMPILER_GLOBAL_ACCENT_COLOR_NAME = AccentColor;
				CODE_SIGN_STYLE = Manual;
				CURRENT_PROJECT_VERSION = 1;
				DEVELOPMENT_TEAM = "";
				GENERATE_INFOPLIST_FILE = YES;
				INFOPLIST_FILE = Feeds/Info.plist;
				INFOPLIST_KEY_UIApplicationSupportsIndirectInputEvents = YES;
				INFOPLIST_KEY_UILaunchStoryboardName = LaunchScreen;
				INFOPLIST_KEY_UIMainStoryboardFile = Main;
				INFOPLIST_KEY_UISupportedInterfaceOrientations_iPad = "UIInterfaceOrientationPortrait UIInterfaceOrientationPortraitUpsideDown UIInterfaceOrientationLandscapeLeft UIInterfaceOrientationLandscapeRight";
				INFOPLIST_KEY_UISupportedInterfaceOrientations_iPhone = "UIInterfaceOrientationPortrait UIInterfaceOrientationLandscapeLeft UIInterfaceOrientationLandscapeRight";
				IPHONEOS_DEPLOYMENT_TARGET = 13.0;
				LD_RUNPATH_SEARCH_PATHS = (
					"$(inherited)",
					"@executable_path/Frameworks",
				);
				MARKETING_VERSION = 1.0;
				PRODUCT_BUNDLE_IDENTIFIER = feeds.com.Feeds;
				PRODUCT_NAME = "$(TARGET_NAME)";
				PROVISIONING_PROFILE_SPECIFIER = "";
				SWIFT_EMIT_LOC_STRINGS = YES;
				SWIFT_VERSION = 5.0;
				TARGETED_DEVICE_FAMILY = "1,2";
			};
			name = Debug;
		};
		99603EA62BDA70EA0050973F /* Release */ = {
			isa = XCBuildConfiguration;
			buildSettings = {
				ASSETCATALOG_COMPILER_APPICON_NAME = AppIcon;
				ASSETCATALOG_COMPILER_GLOBAL_ACCENT_COLOR_NAME = AccentColor;
				CODE_SIGN_STYLE = Manual;
				CURRENT_PROJECT_VERSION = 1;
				DEVELOPMENT_TEAM = "";
				GENERATE_INFOPLIST_FILE = YES;
				INFOPLIST_FILE = Feeds/Info.plist;
				INFOPLIST_KEY_UIApplicationSupportsIndirectInputEvents = YES;
				INFOPLIST_KEY_UILaunchStoryboardName = LaunchScreen;
				INFOPLIST_KEY_UIMainStoryboardFile = Main;
				INFOPLIST_KEY_UISupportedInterfaceOrientations_iPad = "UIInterfaceOrientationPortrait UIInterfaceOrientationPortraitUpsideDown UIInterfaceOrientationLandscapeLeft UIInterfaceOrientationLandscapeRight";
				INFOPLIST_KEY_UISupportedInterfaceOrientations_iPhone = "UIInterfaceOrientationPortrait UIInterfaceOrientationLandscapeLeft UIInterfaceOrientationLandscapeRight";
				IPHONEOS_DEPLOYMENT_TARGET = 13.0;
				LD_RUNPATH_SEARCH_PATHS = (
					"$(inherited)",
					"@executable_path/Frameworks",
				);
				MARKETING_VERSION = 1.0;
				PRODUCT_BUNDLE_IDENTIFIER = feeds.com.Feeds;
				PRODUCT_NAME = "$(TARGET_NAME)";
				PROVISIONING_PROFILE_SPECIFIER = "";
				SWIFT_EMIT_LOC_STRINGS = YES;
				SWIFT_VERSION = 5.0;
				TARGETED_DEVICE_FAMILY = "1,2";
			};
			name = Release;
		};
		99603EA82BDA70EA0050973F /* Debug */ = {
			isa = XCBuildConfiguration;
			buildSettings = {
				ALWAYS_EMBED_SWIFT_STANDARD_LIBRARIES = YES;
				BUNDLE_LOADER = "$(TEST_HOST)";
				CODE_SIGN_STYLE = Automatic;
				CURRENT_PROJECT_VERSION = 1;
				GENERATE_INFOPLIST_FILE = YES;
				IPHONEOS_DEPLOYMENT_TARGET = 16.4;
				MARKETING_VERSION = 1.0;
				PRODUCT_BUNDLE_IDENTIFIER = feeds.com.FeedsTests;
				PRODUCT_NAME = "$(TARGET_NAME)";
				SWIFT_EMIT_LOC_STRINGS = NO;
				SWIFT_VERSION = 5.0;
				TARGETED_DEVICE_FAMILY = "1,2";
				TEST_HOST = "$(BUILT_PRODUCTS_DIR)/Feeds.app/$(BUNDLE_EXECUTABLE_FOLDER_PATH)/Feeds";
			};
			name = Debug;
		};
		99603EA92BDA70EA0050973F /* Release */ = {
			isa = XCBuildConfiguration;
			buildSettings = {
				ALWAYS_EMBED_SWIFT_STANDARD_LIBRARIES = YES;
				BUNDLE_LOADER = "$(TEST_HOST)";
				CODE_SIGN_STYLE = Automatic;
				CURRENT_PROJECT_VERSION = 1;
				GENERATE_INFOPLIST_FILE = YES;
				IPHONEOS_DEPLOYMENT_TARGET = 16.4;
				MARKETING_VERSION = 1.0;
				PRODUCT_BUNDLE_IDENTIFIER = feeds.com.FeedsTests;
				PRODUCT_NAME = "$(TARGET_NAME)";
				SWIFT_EMIT_LOC_STRINGS = NO;
				SWIFT_VERSION = 5.0;
				TARGETED_DEVICE_FAMILY = "1,2";
				TEST_HOST = "$(BUILT_PRODUCTS_DIR)/Feeds.app/$(BUNDLE_EXECUTABLE_FOLDER_PATH)/Feeds";
			};
			name = Release;
		};
		99603EAB2BDA70EA0050973F /* Debug */ = {
			isa = XCBuildConfiguration;
			buildSettings = {
				ALWAYS_EMBED_SWIFT_STANDARD_LIBRARIES = YES;
				CODE_SIGN_STYLE = Automatic;
				CURRENT_PROJECT_VERSION = 1;
				GENERATE_INFOPLIST_FILE = YES;
				MARKETING_VERSION = 1.0;
				PRODUCT_BUNDLE_IDENTIFIER = feeds.com.FeedsUITests;
				PRODUCT_NAME = "$(TARGET_NAME)";
				SWIFT_EMIT_LOC_STRINGS = NO;
				SWIFT_VERSION = 5.0;
				TARGETED_DEVICE_FAMILY = "1,2";
				TEST_TARGET_NAME = Feeds;
			};
			name = Debug;
		};
		99603EAC2BDA70EA0050973F /* Release */ = {
			isa = XCBuildConfiguration;
			buildSettings = {
				ALWAYS_EMBED_SWIFT_STANDARD_LIBRARIES = YES;
				CODE_SIGN_STYLE = Automatic;
				CURRENT_PROJECT_VERSION = 1;
				GENERATE_INFOPLIST_FILE = YES;
				MARKETING_VERSION = 1.0;
				PRODUCT_BUNDLE_IDENTIFIER = feeds.com.FeedsUITests;
				PRODUCT_NAME = "$(TARGET_NAME)";
				SWIFT_EMIT_LOC_STRINGS = NO;
				SWIFT_VERSION = 5.0;
				TARGETED_DEVICE_FAMILY = "1,2";
				TEST_TARGET_NAME = Feeds;
			};
			name = Release;
		};
/* End XCBuildConfiguration section */

/* Begin XCConfigurationList section */
		99603E752BDA70E80050973F /* Build configuration list for PBXProject "Feeds" */ = {
			isa = XCConfigurationList;
			buildConfigurations = (
				99603EA22BDA70EA0050973F /* Debug */,
				99603EA32BDA70EA0050973F /* Release */,
			);
			defaultConfigurationIsVisible = 0;
			defaultConfigurationName = Release;
		};
		99603EA42BDA70EA0050973F /* Build configuration list for PBXNativeTarget "Feeds" */ = {
			isa = XCConfigurationList;
			buildConfigurations = (
				99603EA52BDA70EA0050973F /* Debug */,
				99603EA62BDA70EA0050973F /* Release */,
			);
			defaultConfigurationIsVisible = 0;
			defaultConfigurationName = Release;
		};
		99603EA72BDA70EA0050973F /* Build configuration list for PBXNativeTarget "FeedsTests" */ = {
			isa = XCConfigurationList;
			buildConfigurations = (
				99603EA82BDA70EA0050973F /* Debug */,
				99603EA92BDA70EA0050973F /* Release */,
			);
			defaultConfigurationIsVisible = 0;
			defaultConfigurationName = Release;
		};
		99603EAA2BDA70EA0050973F /* Build configuration list for PBXNativeTarget "FeedsUITests" */ = {
			isa = XCConfigurationList;
			buildConfigurations = (
				99603EAB2BDA70EA0050973F /* Debug */,
				99603EAC2BDA70EA0050973F /* Release */,
			);
			defaultConfigurationIsVisible = 0;
			defaultConfigurationName = Release;
		};
/* End XCConfigurationList section */
	};
	rootObject = 99603E722BDA70E80050973F /* Project object */;
}
